// !$*UTF8*$!
{
	archiveVersion = 1;
	classes = {
	};
	objectVersion = 46;
	objects = {

/* Begin PBXBuildFile section */
		84A091C917C353F8008C62CA /* UIKit.framework in Frameworks */ = {isa = PBXBuildFile; fileRef = 84A091C817C353F8008C62CA /* UIKit.framework */; };
		84A091CB17C353F8008C62CA /* Foundation.framework in Frameworks */ = {isa = PBXBuildFile; fileRef = 84A091CA17C353F8008C62CA /* Foundation.framework */; };
		84A091CD17C353F8008C62CA /* CoreGraphics.framework in Frameworks */ = {isa = PBXBuildFile; fileRef = 84A091CC17C353F8008C62CA /* CoreGraphics.framework */; };
		84A091D317C353F8008C62CA /* InfoPlist.strings in Resources */ = {isa = PBXBuildFile; fileRef = 84A091D117C353F8008C62CA /* InfoPlist.strings */; };
		84A091D517C353F8008C62CA /* main.m in Sources */ = {isa = PBXBuildFile; fileRef = 84A091D417C353F8008C62CA /* main.m */; };
		84A091D917C353F8008C62CA /* ElectorAppDelegate.m in Sources */ = {isa = PBXBuildFile; fileRef = 84A091D817C353F8008C62CA /* ElectorAppDelegate.m */; };
		84A091DB17C353F8008C62CA /* Default.png in Resources */ = {isa = PBXBuildFile; fileRef = 84A091DA17C353F8008C62CA /* Default.png */; };
		84A091DD17C353F8008C62CA /* Default@2x.png in Resources */ = {isa = PBXBuildFile; fileRef = 84A091DC17C353F8008C62CA /* Default@2x.png */; };
		84A091DF17C353F8008C62CA /* Default-568h@2x.png in Resources */ = {isa = PBXBuildFile; fileRef = 84A091DE17C353F8008C62CA /* Default-568h@2x.png */; };
		84A091E217C353F8008C62CA /* MainStoryboard_iPhone.storyboard in Resources */ = {isa = PBXBuildFile; fileRef = 84A091E017C353F8008C62CA /* MainStoryboard_iPhone.storyboard */; };
		84A091E517C353F8008C62CA /* MainStoryboard_iPad.storyboard in Resources */ = {isa = PBXBuildFile; fileRef = 84A091E317C353F8008C62CA /* MainStoryboard_iPad.storyboard */; };
		84A091E817C353F8008C62CA /* ElectorViewController.m in Sources */ = {isa = PBXBuildFile; fileRef = 84A091E717C353F8008C62CA /* ElectorViewController.m */; };
		84A091F017C3560C008C62CA /* SignUpViewController.m in Sources */ = {isa = PBXBuildFile; fileRef = 84A091EF17C3560C008C62CA /* SignUpViewController.m */; };
		84A091F217C3586C008C62CA /* elector_logo.png in Resources */ = {isa = PBXBuildFile; fileRef = 84A091F117C3586C008C62CA /* elector_logo.png */; };
		84A091F517C3FFE2008C62CA /* ProfileServices.m in Sources */ = {isa = PBXBuildFile; fileRef = 84A091F417C3FFE2008C62CA /* ProfileServices.m */; };
		84A091F817C4E9EB008C62CA /* MainMenuViewController.m in Sources */ = {isa = PBXBuildFile; fileRef = 84A091F717C4E9EB008C62CA /* MainMenuViewController.m */; };
		84A0921017C4FB00008C62CA /* WordsetCategoriesViewController.m in Sources */ = {isa = PBXBuildFile; fileRef = 84A0920F17C4FAFC008C62CA /* WordsetCategoriesViewController.m */; };
		84A0921317C516DC008C62CA /* XMLElement.m in Sources */ = {isa = PBXBuildFile; fileRef = 84A0921217C516DC008C62CA /* XMLElement.m */; };
		84A0921617C521D9008C62CA /* XMLParser.m in Sources */ = {isa = PBXBuildFile; fileRef = 84A0921517C521D8008C62CA /* XMLParser.m */; };
		84A0921B17C535D3008C62CA /* LICENCE.txt in Resources */ = {isa = PBXBuildFile; fileRef = 84A0921717C535CD008C62CA /* LICENCE.txt */; };
		84A0921C17C535D3008C62CA /* Reachability.m in Sources */ = {isa = PBXBuildFile; fileRef = 84A0921917C535D0008C62CA /* Reachability.m */; };
		84A0921D17C535D3008C62CA /* Reachability.podspec in Resources */ = {isa = PBXBuildFile; fileRef = 84A0921A17C535D1008C62CA /* Reachability.podspec */; };
		84A0921F17C53635008C62CA /* SystemConfiguration.framework in Frameworks */ = {isa = PBXBuildFile; fileRef = 84A0921E17C53634008C62CA /* SystemConfiguration.framework */; };
		84A0922217C66D73008C62CA /* WordsetsTableViewController.m in Sources */ = {isa = PBXBuildFile; fileRef = 84A0922117C66D73008C62CA /* WordsetsTableViewController.m */; };
		84A0922517C67259008C62CA /* ElectorModel.xcdatamodeld in Sources */ = {isa = PBXBuildFile; fileRef = 84A0922317C67258008C62CA /* ElectorModel.xcdatamodeld */; };
		84A0924B17C6880D008C62CA /* forgotten.png in Resources */ = {isa = PBXBuildFile; fileRef = 84A0924317C68803008C62CA /* forgotten.png */; };
		84A0924C17C6880D008C62CA /* lookup.png in Resources */ = {isa = PBXBuildFile; fileRef = 84A0924417C68804008C62CA /* lookup.png */; };
		84A0924D17C6880D008C62CA /* mywords.png in Resources */ = {isa = PBXBuildFile; fileRef = 84A0924517C68805008C62CA /* mywords.png */; };
		84A0924E17C6880D008C62CA /* profile.png in Resources */ = {isa = PBXBuildFile; fileRef = 84A0924617C68807008C62CA /* profile.png */; };
		84A0924F17C6880D008C62CA /* recording_on.png in Resources */ = {isa = PBXBuildFile; fileRef = 84A0924717C68808008C62CA /* recording_on.png */; };
		84A0925017C6880D008C62CA /* recording.png in Resources */ = {isa = PBXBuildFile; fileRef = 84A0924817C6880A008C62CA /* recording.png */; };
		84A0925117C6880D008C62CA /* task.png in Resources */ = {isa = PBXBuildFile; fileRef = 84A0924917C6880B008C62CA /* task.png */; };
		84A0925217C6880D008C62CA /* vocabulary.png in Resources */ = {isa = PBXBuildFile; fileRef = 84A0924A17C6880D008C62CA /* vocabulary.png */; };
		84A0925417C68817008C62CA /* dictionary.png in Resources */ = {isa = PBXBuildFile; fileRef = 84A0925317C68817008C62CA /* dictionary.png */; };
		84A0925717C68F0C008C62CA /* WordsetCategory+Create.m in Sources */ = {isa = PBXBuildFile; fileRef = 84A0925617C68F0A008C62CA /* WordsetCategory+Create.m */; };
		84A0925A17C69FDF008C62CA /* CoreData.framework in Frameworks */ = {isa = PBXBuildFile; fileRef = 84A0924117C67F20008C62CA /* CoreData.framework */; };
		84A0925D17C6A206008C62CA /* CoreDataTableViewController.m in Sources */ = {isa = PBXBuildFile; fileRef = 84A0925C17C6A206008C62CA /* CoreDataTableViewController.m */; };
		84A0926017C6BA40008C62CA /* Wordset+Create.m in Sources */ = {isa = PBXBuildFile; fileRef = 84A0925F17C6BA40008C62CA /* Wordset+Create.m */; };
		84A0926317C6C087008C62CA /* Wordset.m in Sources */ = {isa = PBXBuildFile; fileRef = 84A0926217C6C086008C62CA /* Wordset.m */; };
		84A0926617C6C088008C62CA /* WordsetCategory.m in Sources */ = {isa = PBXBuildFile; fileRef = 84A0926517C6C088008C62CA /* WordsetCategory.m */; };
		84A0926917C6C08A008C62CA /* Word.m in Sources */ = {isa = PBXBuildFile; fileRef = 84A0926817C6C089008C62CA /* Word.m */; };
		84A0927017C783FE008C62CA /* level_c2.png in Resources */ = {isa = PBXBuildFile; fileRef = 84A0926A17C783F1008C62CA /* level_c2.png */; };
		84A0927117C783FE008C62CA /* level_c1.png in Resources */ = {isa = PBXBuildFile; fileRef = 84A0926B17C783F3008C62CA /* level_c1.png */; };
		84A0927217C783FE008C62CA /* level_b2.png in Resources */ = {isa = PBXBuildFile; fileRef = 84A0926C17C783F5008C62CA /* level_b2.png */; };
		84A0927317C783FE008C62CA /* level_b1.png in Resources */ = {isa = PBXBuildFile; fileRef = 84A0926D17C783F8008C62CA /* level_b1.png */; };
		84A0927417C783FE008C62CA /* level_a2.png in Resources */ = {isa = PBXBuildFile; fileRef = 84A0926E17C783FA008C62CA /* level_a2.png */; };
		84A0927517C783FE008C62CA /* level_a1.png in Resources */ = {isa = PBXBuildFile; fileRef = 84A0926F17C783FC008C62CA /* level_a1.png */; };
		84A0927817C788B0008C62CA /* WordsetViewController.m in Sources */ = {isa = PBXBuildFile; fileRef = 84A0927717C788AE008C62CA /* WordsetViewController.m */; };
/* End PBXBuildFile section */

/* Begin PBXFileReference section */
		84A091C517C353F8008C62CA /* ElectorAngielski.app */ = {isa = PBXFileReference; explicitFileType = wrapper.application; includeInIndex = 0; path = ElectorAngielski.app; sourceTree = BUILT_PRODUCTS_DIR; };
		84A091C817C353F8008C62CA /* UIKit.framework */ = {isa = PBXFileReference; lastKnownFileType = wrapper.framework; name = UIKit.framework; path = System/Library/Frameworks/UIKit.framework; sourceTree = SDKROOT; };
		84A091CA17C353F8008C62CA /* Foundation.framework */ = {isa = PBXFileReference; lastKnownFileType = wrapper.framework; name = Foundation.framework; path = System/Library/Frameworks/Foundation.framework; sourceTree = SDKROOT; };
		84A091CC17C353F8008C62CA /* CoreGraphics.framework */ = {isa = PBXFileReference; lastKnownFileType = wrapper.framework; name = CoreGraphics.framework; path = System/Library/Frameworks/CoreGraphics.framework; sourceTree = SDKROOT; };
		84A091D017C353F8008C62CA /* ElectorAngielski-Info.plist */ = {isa = PBXFileReference; lastKnownFileType = text.plist.xml; path = "ElectorAngielski-Info.plist"; sourceTree = "<group>"; };
		84A091D217C353F8008C62CA /* en */ = {isa = PBXFileReference; lastKnownFileType = text.plist.strings; name = en; path = en.lproj/InfoPlist.strings; sourceTree = "<group>"; };
		84A091D417C353F8008C62CA /* main.m */ = {isa = PBXFileReference; lastKnownFileType = sourcecode.c.objc; path = main.m; sourceTree = "<group>"; };
		84A091D617C353F8008C62CA /* ElectorAngielski-Prefix.pch */ = {isa = PBXFileReference; lastKnownFileType = sourcecode.c.h; path = "ElectorAngielski-Prefix.pch"; sourceTree = "<group>"; };
		84A091D717C353F8008C62CA /* ElectorAppDelegate.h */ = {isa = PBXFileReference; lastKnownFileType = sourcecode.c.h; path = ElectorAppDelegate.h; sourceTree = "<group>"; };
		84A091D817C353F8008C62CA /* ElectorAppDelegate.m */ = {isa = PBXFileReference; lastKnownFileType = sourcecode.c.objc; path = ElectorAppDelegate.m; sourceTree = "<group>"; };
		84A091DA17C353F8008C62CA /* Default.png */ = {isa = PBXFileReference; lastKnownFileType = image.png; path = Default.png; sourceTree = "<group>"; };
		84A091DC17C353F8008C62CA /* Default@2x.png */ = {isa = PBXFileReference; lastKnownFileType = image.png; path = "Default@2x.png"; sourceTree = "<group>"; };
		84A091DE17C353F8008C62CA /* Default-568h@2x.png */ = {isa = PBXFileReference; lastKnownFileType = image.png; path = "Default-568h@2x.png"; sourceTree = "<group>"; };
		84A091E117C353F8008C62CA /* en */ = {isa = PBXFileReference; lastKnownFileType = file.storyboard; name = en; path = en.lproj/MainStoryboard_iPhone.storyboard; sourceTree = "<group>"; };
		84A091E417C353F8008C62CA /* en */ = {isa = PBXFileReference; lastKnownFileType = file.storyboard; name = en; path = en.lproj/MainStoryboard_iPad.storyboard; sourceTree = "<group>"; };
		84A091E617C353F8008C62CA /* ElectorViewController.h */ = {isa = PBXFileReference; lastKnownFileType = sourcecode.c.h; path = ElectorViewController.h; sourceTree = "<group>"; };
		84A091E717C353F8008C62CA /* ElectorViewController.m */ = {isa = PBXFileReference; lastKnownFileType = sourcecode.c.objc; path = ElectorViewController.m; sourceTree = "<group>"; };
		84A091EE17C3560C008C62CA /* SignUpViewController.h */ = {isa = PBXFileReference; fileEncoding = 4; lastKnownFileType = sourcecode.c.h; path = SignUpViewController.h; sourceTree = "<group>"; };
		84A091EF17C3560C008C62CA /* SignUpViewController.m */ = {isa = PBXFileReference; fileEncoding = 4; lastKnownFileType = sourcecode.c.objc; path = SignUpViewController.m; sourceTree = "<group>"; };
		84A091F117C3586C008C62CA /* elector_logo.png */ = {isa = PBXFileReference; lastKnownFileType = image.png; name = elector_logo.png; path = ../../../Downloads/elector_logo.png; sourceTree = "<group>"; };
		84A091F317C3FFE1008C62CA /* ProfileServices.h */ = {isa = PBXFileReference; fileEncoding = 4; lastKnownFileType = sourcecode.c.h; path = ProfileServices.h; sourceTree = "<group>"; };
		84A091F417C3FFE2008C62CA /* ProfileServices.m */ = {isa = PBXFileReference; fileEncoding = 4; lastKnownFileType = sourcecode.c.objc; path = ProfileServices.m; sourceTree = "<group>"; };
		84A091F617C4E9EA008C62CA /* MainMenuViewController.h */ = {isa = PBXFileReference; fileEncoding = 4; lastKnownFileType = sourcecode.c.h; path = MainMenuViewController.h; sourceTree = "<group>"; };
		84A091F717C4E9EB008C62CA /* MainMenuViewController.m */ = {isa = PBXFileReference; fileEncoding = 4; lastKnownFileType = sourcecode.c.objc; path = MainMenuViewController.m; sourceTree = "<group>"; };
		84A0920E17C4FAFA008C62CA /* WordsetCategoriesViewController.h */ = {isa = PBXFileReference; fileEncoding = 4; lastKnownFileType = sourcecode.c.h; path = WordsetCategoriesViewController.h; sourceTree = "<group>"; };
		84A0920F17C4FAFC008C62CA /* WordsetCategoriesViewController.m */ = {isa = PBXFileReference; fileEncoding = 4; lastKnownFileType = sourcecode.c.objc; path = WordsetCategoriesViewController.m; sourceTree = "<group>"; };
		84A0921117C516DB008C62CA /* XMLElement.h */ = {isa = PBXFileReference; fileEncoding = 4; lastKnownFileType = sourcecode.c.h; path = XMLElement.h; sourceTree = "<group>"; };
		84A0921217C516DC008C62CA /* XMLElement.m */ = {isa = PBXFileReference; fileEncoding = 4; lastKnownFileType = sourcecode.c.objc; path = XMLElement.m; sourceTree = "<group>"; };
		84A0921417C521D8008C62CA /* XMLParser.h */ = {isa = PBXFileReference; fileEncoding = 4; lastKnownFileType = sourcecode.c.h; path = XMLParser.h; sourceTree = "<group>"; };
		84A0921517C521D8008C62CA /* XMLParser.m */ = {isa = PBXFileReference; fileEncoding = 4; lastKnownFileType = sourcecode.c.objc; path = XMLParser.m; sourceTree = "<group>"; };
		84A0921717C535CD008C62CA /* LICENCE.txt */ = {isa = PBXFileReference; fileEncoding = 4; lastKnownFileType = text; path = LICENCE.txt; sourceTree = "<group>"; };
		84A0921817C535CE008C62CA /* Reachability.h */ = {isa = PBXFileReference; fileEncoding = 4; lastKnownFileType = sourcecode.c.h; path = Reachability.h; sourceTree = "<group>"; };
		84A0921917C535D0008C62CA /* Reachability.m */ = {isa = PBXFileReference; fileEncoding = 4; lastKnownFileType = sourcecode.c.objc; path = Reachability.m; sourceTree = "<group>"; };
		84A0921A17C535D1008C62CA /* Reachability.podspec */ = {isa = PBXFileReference; fileEncoding = 4; lastKnownFileType = text; path = Reachability.podspec; sourceTree = "<group>"; };
		84A0921E17C53634008C62CA /* SystemConfiguration.framework */ = {isa = PBXFileReference; lastKnownFileType = wrapper.framework; name = SystemConfiguration.framework; path = System/Library/Frameworks/SystemConfiguration.framework; sourceTree = SDKROOT; };
		84A0922017C66D71008C62CA /* WordsetsTableViewController.h */ = {isa = PBXFileReference; fileEncoding = 4; lastKnownFileType = sourcecode.c.h; path = WordsetsTableViewController.h; sourceTree = "<group>"; };
		84A0922117C66D73008C62CA /* WordsetsTableViewController.m */ = {isa = PBXFileReference; fileEncoding = 4; lastKnownFileType = sourcecode.c.objc; path = WordsetsTableViewController.m; sourceTree = "<group>"; };
		84A0922417C67259008C62CA /* ElectorModel.xcdatamodel */ = {isa = PBXFileReference; lastKnownFileType = wrapper.xcdatamodel; path = ElectorModel.xcdatamodel; sourceTree = "<group>"; };
		84A0924117C67F20008C62CA /* CoreData.framework */ = {isa = PBXFileReference; lastKnownFileType = wrapper.framework; name = CoreData.framework; path = System/Library/Frameworks/CoreData.framework; sourceTree = SDKROOT; };
		84A0924317C68803008C62CA /* forgotten.png */ = {isa = PBXFileReference; lastKnownFileType = image.png; path = forgotten.png; sourceTree = "<group>"; };
		84A0924417C68804008C62CA /* lookup.png */ = {isa = PBXFileReference; lastKnownFileType = image.png; path = lookup.png; sourceTree = "<group>"; };
		84A0924517C68805008C62CA /* mywords.png */ = {isa = PBXFileReference; lastKnownFileType = image.png; path = mywords.png; sourceTree = "<group>"; };
		84A0924617C68807008C62CA /* profile.png */ = {isa = PBXFileReference; lastKnownFileType = image.png; path = profile.png; sourceTree = "<group>"; };
		84A0924717C68808008C62CA /* recording_on.png */ = {isa = PBXFileReference; lastKnownFileType = image.png; path = recording_on.png; sourceTree = "<group>"; };
		84A0924817C6880A008C62CA /* recording.png */ = {isa = PBXFileReference; lastKnownFileType = image.png; path = recording.png; sourceTree = "<group>"; };
		84A0924917C6880B008C62CA /* task.png */ = {isa = PBXFileReference; lastKnownFileType = image.png; path = task.png; sourceTree = "<group>"; };
		84A0924A17C6880D008C62CA /* vocabulary.png */ = {isa = PBXFileReference; lastKnownFileType = image.png; path = vocabulary.png; sourceTree = "<group>"; };
		84A0925317C68817008C62CA /* dictionary.png */ = {isa = PBXFileReference; lastKnownFileType = image.png; path = dictionary.png; sourceTree = "<group>"; };
		84A0925517C68F08008C62CA /* WordsetCategory+Create.h */ = {isa = PBXFileReference; fileEncoding = 4; lastKnownFileType = sourcecode.c.h; path = "WordsetCategory+Create.h"; sourceTree = "<group>"; };
		84A0925617C68F0A008C62CA /* WordsetCategory+Create.m */ = {isa = PBXFileReference; fileEncoding = 4; lastKnownFileType = sourcecode.c.objc; path = "WordsetCategory+Create.m"; sourceTree = "<group>"; };
		84A0925B17C6A206008C62CA /* CoreDataTableViewController.h */ = {isa = PBXFileReference; fileEncoding = 4; lastKnownFileType = sourcecode.c.h; path = CoreDataTableViewController.h; sourceTree = "<group>"; };
		84A0925C17C6A206008C62CA /* CoreDataTableViewController.m */ = {isa = PBXFileReference; fileEncoding = 4; lastKnownFileType = sourcecode.c.objc; path = CoreDataTableViewController.m; sourceTree = "<group>"; };
		84A0925E17C6BA40008C62CA /* Wordset+Create.h */ = {isa = PBXFileReference; fileEncoding = 4; lastKnownFileType = sourcecode.c.h; path = "Wordset+Create.h"; sourceTree = "<group>"; };
		84A0925F17C6BA40008C62CA /* Wordset+Create.m */ = {isa = PBXFileReference; fileEncoding = 4; lastKnownFileType = sourcecode.c.objc; path = "Wordset+Create.m"; sourceTree = "<group>"; };
		84A0926117C6C085008C62CA /* Wordset.h */ = {isa = PBXFileReference; fileEncoding = 4; lastKnownFileType = sourcecode.c.h; path = Wordset.h; sourceTree = "<group>"; };
		84A0926217C6C086008C62CA /* Wordset.m */ = {isa = PBXFileReference; fileEncoding = 4; lastKnownFileType = sourcecode.c.objc; path = Wordset.m; sourceTree = "<group>"; };
		84A0926417C6C087008C62CA /* WordsetCategory.h */ = {isa = PBXFileReference; fileEncoding = 4; lastKnownFileType = sourcecode.c.h; path = WordsetCategory.h; sourceTree = "<group>"; };
		84A0926517C6C088008C62CA /* WordsetCategory.m */ = {isa = PBXFileReference; fileEncoding = 4; lastKnownFileType = sourcecode.c.objc; path = WordsetCategory.m; sourceTree = "<group>"; };
		84A0926717C6C089008C62CA /* Word.h */ = {isa = PBXFileReference; fileEncoding = 4; lastKnownFileType = sourcecode.c.h; path = Word.h; sourceTree = "<group>"; };
		84A0926817C6C089008C62CA /* Word.m */ = {isa = PBXFileReference; fileEncoding = 4; lastKnownFileType = sourcecode.c.objc; path = Word.m; sourceTree = "<group>"; };
		84A0926A17C783F1008C62CA /* level_c2.png */ = {isa = PBXFileReference; lastKnownFileType = image.png; path = level_c2.png; sourceTree = "<group>"; };
		84A0926B17C783F3008C62CA /* level_c1.png */ = {isa = PBXFileReference; lastKnownFileType = image.png; path = level_c1.png; sourceTree = "<group>"; };
		84A0926C17C783F5008C62CA /* level_b2.png */ = {isa = PBXFileReference; lastKnownFileType = image.png; path = level_b2.png; sourceTree = "<group>"; };
		84A0926D17C783F8008C62CA /* level_b1.png */ = {isa = PBXFileReference; lastKnownFileType = image.png; path = level_b1.png; sourceTree = "<group>"; };
		84A0926E17C783FA008C62CA /* level_a2.png */ = {isa = PBXFileReference; lastKnownFileType = image.png; path = level_a2.png; sourceTree = "<group>"; };
		84A0926F17C783FC008C62CA /* level_a1.png */ = {isa = PBXFileReference; lastKnownFileType = image.png; path = level_a1.png; sourceTree = "<group>"; };
		84A0927617C788AD008C62CA /* WordsetViewController.h */ = {isa = PBXFileReference; fileEncoding = 4; lastKnownFileType = sourcecode.c.h; path = WordsetViewController.h; sourceTree = "<group>"; };
		84A0927717C788AE008C62CA /* WordsetViewController.m */ = {isa = PBXFileReference; fileEncoding = 4; lastKnownFileType = sourcecode.c.objc; path = WordsetViewController.m; sourceTree = "<group>"; };
/* End PBXFileReference section */

/* Begin PBXFrameworksBuildPhase section */
		84A091C217C353F8008C62CA /* Frameworks */ = {
			isa = PBXFrameworksBuildPhase;
			buildActionMask = 2147483647;
			files = (
				84A0925A17C69FDF008C62CA /* CoreData.framework in Frameworks */,
				84A0921F17C53635008C62CA /* SystemConfiguration.framework in Frameworks */,
				84A091C917C353F8008C62CA /* UIKit.framework in Frameworks */,
				84A091CB17C353F8008C62CA /* Foundation.framework in Frameworks */,
				84A091CD17C353F8008C62CA /* CoreGraphics.framework in Frameworks */,
			);
			runOnlyForDeploymentPostprocessing = 0;
		};
/* End PBXFrameworksBuildPhase section */

/* Begin PBXGroup section */
		84A091BC17C353F8008C62CA = {
			isa = PBXGroup;
			children = (
				84A0924117C67F20008C62CA /* CoreData.framework */,
				84A0921E17C53634008C62CA /* SystemConfiguration.framework */,
				84A091CE17C353F8008C62CA /* ElectorAngielski */,
				84A091C717C353F8008C62CA /* Frameworks */,
				84A091C617C353F8008C62CA /* Products */,
			);
			sourceTree = "<group>";
		};
		84A091C617C353F8008C62CA /* Products */ = {
			isa = PBXGroup;
			children = (
				84A091C517C353F8008C62CA /* ElectorAngielski.app */,
			);
			name = Products;
			sourceTree = "<group>";
		};
		84A091C717C353F8008C62CA /* Frameworks */ = {
			isa = PBXGroup;
			children = (
				84A091C817C353F8008C62CA /* UIKit.framework */,
				84A091CA17C353F8008C62CA /* Foundation.framework */,
				84A091CC17C353F8008C62CA /* CoreGraphics.framework */,
			);
			name = Frameworks;
			sourceTree = "<group>";
		};
		84A091CE17C353F8008C62CA /* ElectorAngielski */ = {
			isa = PBXGroup;
			children = (
				84A0925B17C6A206008C62CA /* CoreDataTableViewController.h */,
				84A0925C17C6A206008C62CA /* CoreDataTableViewController.m */,
				84A091D717C353F8008C62CA /* ElectorAppDelegate.h */,
				84A091D817C353F8008C62CA /* ElectorAppDelegate.m */,
				84A091E017C353F8008C62CA /* MainStoryboard_iPhone.storyboard */,
				84A0927617C788AD008C62CA /* WordsetViewController.h */,
				84A0927717C788AE008C62CA /* WordsetViewController.m */,
				84A0920E17C4FAFA008C62CA /* WordsetCategoriesViewController.h */,
				84A0920F17C4FAFC008C62CA /* WordsetCategoriesViewController.m */,
				84A0921817C535CE008C62CA /* Reachability.h */,
				84A0921917C535D0008C62CA /* Reachability.m */,
				84A0925517C68F08008C62CA /* WordsetCategory+Create.h */,
				84A0925617C68F0A008C62CA /* WordsetCategory+Create.m */,
				84A0922317C67258008C62CA /* ElectorModel.xcdatamodeld */,
				84A0926717C6C089008C62CA /* Word.h */,
				84A0926817C6C089008C62CA /* Word.m */,
				84A0926417C6C087008C62CA /* WordsetCategory.h */,
				84A0926517C6C088008C62CA /* WordsetCategory.m */,
				84A0926117C6C085008C62CA /* Wordset.h */,
				84A0926217C6C086008C62CA /* Wordset.m */,
				84A0921117C516DB008C62CA /* XMLElement.h */,
				84A0921417C521D8008C62CA /* XMLParser.h */,
				84A0921517C521D8008C62CA /* XMLParser.m */,
				84A0921217C516DC008C62CA /* XMLElement.m */,
				84A091F617C4E9EA008C62CA /* MainMenuViewController.h */,
				84A091F717C4E9EB008C62CA /* MainMenuViewController.m */,
				84A091EE17C3560C008C62CA /* SignUpViewController.h */,
				84A091EF17C3560C008C62CA /* SignUpViewController.m */,
				84A091E317C353F8008C62CA /* MainStoryboard_iPad.storyboard */,
				84A091E617C353F8008C62CA /* ElectorViewController.h */,
				84A091E717C353F8008C62CA /* ElectorViewController.m */,
				84A091F317C3FFE1008C62CA /* ProfileServices.h */,
				84A091F417C3FFE2008C62CA /* ProfileServices.m */,
				84A091CF17C353F8008C62CA /* Supporting Files */,
				84A0922017C66D71008C62CA /* WordsetsTableViewController.h */,
				84A0922117C66D73008C62CA /* WordsetsTableViewController.m */,
				84A0925E17C6BA40008C62CA /* Wordset+Create.h */,
				84A0925F17C6BA40008C62CA /* Wordset+Create.m */,
			);
			path = ElectorAngielski;
			sourceTree = "<group>";
		};
		84A091CF17C353F8008C62CA /* Supporting Files */ = {
			isa = PBXGroup;
			children = (
				84A0926A17C783F1008C62CA /* level_c2.png */,
				84A0926B17C783F3008C62CA /* level_c1.png */,
				84A0926C17C783F5008C62CA /* level_b2.png */,
				84A0926D17C783F8008C62CA /* level_b1.png */,
				84A0926E17C783FA008C62CA /* level_a2.png */,
				84A0926F17C783FC008C62CA /* level_a1.png */,
				84A0924317C68803008C62CA /* forgotten.png */,
				84A0924417C68804008C62CA /* lookup.png */,
				84A0925317C68817008C62CA /* dictionary.png */,
				84A0924517C68805008C62CA /* mywords.png */,
				84A0924617C68807008C62CA /* profile.png */,
				84A0924717C68808008C62CA /* recording_on.png */,
				84A0924817C6880A008C62CA /* recording.png */,
				84A0924917C6880B008C62CA /* task.png */,
				84A0924A17C6880D008C62CA /* vocabulary.png */,
				84A0921717C535CD008C62CA /* LICENCE.txt */,
				84A0921A17C535D1008C62CA /* Reachability.podspec */,
				84A091F117C3586C008C62CA /* elector_logo.png */,
				84A091D017C353F8008C62CA /* ElectorAngielski-Info.plist */,
				84A091D117C353F8008C62CA /* InfoPlist.strings */,
				84A091D417C353F8008C62CA /* main.m */,
				84A091D617C353F8008C62CA /* ElectorAngielski-Prefix.pch */,
				84A091DA17C353F8008C62CA /* Default.png */,
				84A091DC17C353F8008C62CA /* Default@2x.png */,
				84A091DE17C353F8008C62CA /* Default-568h@2x.png */,
			);
			name = "Supporting Files";
			sourceTree = "<group>";
		};
/* End PBXGroup section */

/* Begin PBXNativeTarget section */
		84A091C417C353F8008C62CA /* ElectorAngielski */ = {
			isa = PBXNativeTarget;
			buildConfigurationList = 84A091EB17C353F8008C62CA /* Build configuration list for PBXNativeTarget "ElectorAngielski" */;
			buildPhases = (
				84A091C117C353F8008C62CA /* Sources */,
				84A091C217C353F8008C62CA /* Frameworks */,
				84A091C317C353F8008C62CA /* Resources */,
			);
			buildRules = (
			);
			dependencies = (
			);
			name = ElectorAngielski;
			productName = ElectorAngielski;
			productReference = 84A091C517C353F8008C62CA /* ElectorAngielski.app */;
			productType = "com.apple.product-type.application";
		};
/* End PBXNativeTarget section */

/* Begin PBXProject section */
		84A091BD17C353F8008C62CA /* Project object */ = {
			isa = PBXProject;
			attributes = {
				CLASSPREFIX = Elector;
				LastUpgradeCheck = 0460;
				ORGANIZATIONNAME = "Michal Ziobro";
			};
			buildConfigurationList = 84A091C017C353F8008C62CA /* Build configuration list for PBXProject "ElectorAngielski" */;
			compatibilityVersion = "Xcode 3.2";
			developmentRegion = English;
			hasScannedForEncodings = 0;
			knownRegions = (
				en,
			);
			mainGroup = 84A091BC17C353F8008C62CA;
			productRefGroup = 84A091C617C353F8008C62CA /* Products */;
			projectDirPath = "";
			projectRoot = "";
			targets = (
				84A091C417C353F8008C62CA /* ElectorAngielski */,
			);
		};
/* End PBXProject section */

/* Begin PBXResourcesBuildPhase section */
		84A091C317C353F8008C62CA /* Resources */ = {
			isa = PBXResourcesBuildPhase;
			buildActionMask = 2147483647;
			files = (
				84A091D317C353F8008C62CA /* InfoPlist.strings in Resources */,
				84A091DB17C353F8008C62CA /* Default.png in Resources */,
				84A091DD17C353F8008C62CA /* Default@2x.png in Resources */,
				84A091DF17C353F8008C62CA /* Default-568h@2x.png in Resources */,
				84A091E217C353F8008C62CA /* MainStoryboard_iPhone.storyboard in Resources */,
				84A091E517C353F8008C62CA /* MainStoryboard_iPad.storyboard in Resources */,
				84A091F217C3586C008C62CA /* elector_logo.png in Resources */,
				84A0921B17C535D3008C62CA /* LICENCE.txt in Resources */,
				84A0921D17C535D3008C62CA /* Reachability.podspec in Resources */,
				84A0924B17C6880D008C62CA /* forgotten.png in Resources */,
				84A0924C17C6880D008C62CA /* lookup.png in Resources */,
				84A0924D17C6880D008C62CA /* mywords.png in Resources */,
				84A0924E17C6880D008C62CA /* profile.png in Resources */,
				84A0924F17C6880D008C62CA /* recording_on.png in Resources */,
				84A0925017C6880D008C62CA /* recording.png in Resources */,
				84A0925117C6880D008C62CA /* task.png in Resources */,
				84A0925217C6880D008C62CA /* vocabulary.png in Resources */,
				84A0925417C68817008C62CA /* dictionary.png in Resources */,
				84A0927017C783FE008C62CA /* level_c2.png in Resources */,
				84A0927117C783FE008C62CA /* level_c1.png in Resources */,
				84A0927217C783FE008C62CA /* level_b2.png in Resources */,
				84A0927317C783FE008C62CA /* level_b1.png in Resources */,
				84A0927417C783FE008C62CA /* level_a2.png in Resources */,
				84A0927517C783FE008C62CA /* level_a1.png in Resources */,
			);
			runOnlyForDeploymentPostprocessing = 0;
		};
/* End PBXResourcesBuildPhase section */

/* Begin PBXSourcesBuildPhase section */
		84A091C117C353F8008C62CA /* Sources */ = {
			isa = PBXSourcesBuildPhase;
			buildActionMask = 2147483647;
			files = (
				84A091D517C353F8008C62CA /* main.m in Sources */,
				84A091D917C353F8008C62CA /* ElectorAppDelegate.m in Sources */,
				84A091E817C353F8008C62CA /* ElectorViewController.m in Sources */,
				84A091F017C3560C008C62CA /* SignUpViewController.m in Sources */,
				84A091F517C3FFE2008C62CA /* ProfileServices.m in Sources */,
				84A091F817C4E9EB008C62CA /* MainMenuViewController.m in Sources */,
				84A0921017C4FB00008C62CA /* WordsetCategoriesViewController.m in Sources */,
				84A0921317C516DC008C62CA /* XMLElement.m in Sources */,
				84A0921617C521D9008C62CA /* XMLParser.m in Sources */,
				84A0921C17C535D3008C62CA /* Reachability.m in Sources */,
				84A0922217C66D73008C62CA /* WordsetsTableViewController.m in Sources */,
				84A0922517C67259008C62CA /* ElectorModel.xcdatamodeld in Sources */,
				84A0925717C68F0C008C62CA /* WordsetCategory+Create.m in Sources */,
				84A0925D17C6A206008C62CA /* CoreDataTableViewController.m in Sources */,
				84A0926017C6BA40008C62CA /* Wordset+Create.m in Sources */,
				84A0926317C6C087008C62CA /* Wordset.m in Sources */,
				84A0926617C6C088008C62CA /* WordsetCategory.m in Sources */,
				84A0926917C6C08A008C62CA /* Word.m in Sources */,
				84A0927817C788B0008C62CA /* WordsetViewController.m in Sources */,
			);
			runOnlyForDeploymentPostprocessing = 0;
		};
/* End PBXSourcesBuildPhase section */

/* Begin PBXVariantGroup section */
		84A091D117C353F8008C62CA /* InfoPlist.strings */ = {
			isa = PBXVariantGroup;
			children = (
				84A091D217C353F8008C62CA /* en */,
			);
			name = InfoPlist.strings;
			sourceTree = "<group>";
		};
		84A091E017C353F8008C62CA /* MainStoryboard_iPhone.storyboard */ = {
			isa = PBXVariantGroup;
			children = (
				84A091E117C353F8008C62CA /* en */,
			);
			name = MainStoryboard_iPhone.storyboard;
			sourceTree = "<group>";
		};
		84A091E317C353F8008C62CA /* MainStoryboard_iPad.storyboard */ = {
			isa = PBXVariantGroup;
			children = (
				84A091E417C353F8008C62CA /* en */,
			);
			name = MainStoryboard_iPad.storyboard;
			sourceTree = "<group>";
		};
/* End PBXVariantGroup section */

/* Begin XCBuildConfiguration section */
		84A091E917C353F8008C62CA /* Debug */ = {
			isa = XCBuildConfiguration;
			buildSettings = {
				ALWAYS_SEARCH_USER_PATHS = NO;
				CLANG_CXX_LANGUAGE_STANDARD = "gnu++0x";
				CLANG_CXX_LIBRARY = "libc++";
				CLANG_ENABLE_OBJC_ARC = YES;
				CLANG_WARN_CONSTANT_CONVERSION = YES;
				CLANG_WARN_EMPTY_BODY = YES;
				CLANG_WARN_ENUM_CONVERSION = YES;
				CLANG_WARN_INT_CONVERSION = YES;
				CLANG_WARN__DUPLICATE_METHOD_MATCH = YES;
				"CODE_SIGN_IDENTITY[sdk=iphoneos*]" = "iPhone Developer";
				COPY_PHASE_STRIP = NO;
				GCC_C_LANGUAGE_STANDARD = gnu99;
				GCC_DYNAMIC_NO_PIC = NO;
				GCC_OPTIMIZATION_LEVEL = 0;
				GCC_PREPROCESSOR_DEFINITIONS = (
					"DEBUG=1",
					"$(inherited)",
				);
				GCC_SYMBOLS_PRIVATE_EXTERN = NO;
				GCC_WARN_ABOUT_RETURN_TYPE = YES;
				GCC_WARN_UNINITIALIZED_AUTOS = YES;
				GCC_WARN_UNUSED_VARIABLE = YES;
				IPHONEOS_DEPLOYMENT_TARGET = 5.0;
				ONLY_ACTIVE_ARCH = YES;
				SDKROOT = iphoneos;
				TARGETED_DEVICE_FAMILY = "1,2";
			};
			name = Debug;
		};
		84A091EA17C353F8008C62CA /* Release */ = {
			isa = XCBuildConfiguration;
			buildSettings = {
				ALWAYS_SEARCH_USER_PATHS = NO;
				CLANG_CXX_LANGUAGE_STANDARD = "gnu++0x";
				CLANG_CXX_LIBRARY = "libc++";
				CLANG_ENABLE_OBJC_ARC = YES;
				CLANG_WARN_CONSTANT_CONVERSION = YES;
				CLANG_WARN_EMPTY_BODY = YES;
				CLANG_WARN_ENUM_CONVERSION = YES;
				CLANG_WARN_INT_CONVERSION = YES;
				CLANG_WARN__DUPLICATE_METHOD_MATCH = YES;
				"CODE_SIGN_IDENTITY[sdk=iphoneos*]" = "iPhone Developer";
				COPY_PHASE_STRIP = YES;
				GCC_C_LANGUAGE_STANDARD = gnu99;
				GCC_WARN_ABOUT_RETURN_TYPE = YES;
				GCC_WARN_UNINITIALIZED_AUTOS = YES;
				GCC_WARN_UNUSED_VARIABLE = YES;
				IPHONEOS_DEPLOYMENT_TARGET = 5.0;
				OTHER_CFLAGS = "-DNS_BLOCK_ASSERTIONS=1";
				SDKROOT = iphoneos;
				TARGETED_DEVICE_FAMILY = "1,2";
				VALIDATE_PRODUCT = YES;
			};
			name = Release;
		};
		84A091EC17C353F8008C62CA /* Debug */ = {
			isa = XCBuildConfiguration;
			buildSettings = {
				GCC_PRECOMPILE_PREFIX_HEADER = YES;
				GCC_PREFIX_HEADER = "ElectorAngielski/ElectorAngielski-Prefix.pch";
				INFOPLIST_FILE = "ElectorAngielski/ElectorAngielski-Info.plist";
				PRODUCT_NAME = "$(TARGET_NAME)";
				WRAPPER_EXTENSION = app;
			};
			name = Debug;
		};
		84A091ED17C353F8008C62CA /* Release */ = {
			isa = XCBuildConfiguration;
			buildSettings = {
				GCC_PRECOMPILE_PREFIX_HEADER = YES;
				GCC_PREFIX_HEADER = "ElectorAngielski/ElectorAngielski-Prefix.pch";
				INFOPLIST_FILE = "ElectorAngielski/ElectorAngielski-Info.plist";
				PRODUCT_NAME = "$(TARGET_NAME)";
				WRAPPER_EXTENSION = app;
			};
			name = Release;
		};
/* End XCBuildConfiguration section */

/* Begin XCConfigurationList section */
		84A091C017C353F8008C62CA /* Build configuration list for PBXProject "ElectorAngielski" */ = {
			isa = XCConfigurationList;
			buildConfigurations = (
				84A091E917C353F8008C62CA /* Debug */,
				84A091EA17C353F8008C62CA /* Release */,
			);
			defaultConfigurationIsVisible = 0;
			defaultConfigurationName = Release;
		};
		84A091EB17C353F8008C62CA /* Build configuration list for PBXNativeTarget "ElectorAngielski" */ = {
			isa = XCConfigurationList;
			buildConfigurations = (
				84A091EC17C353F8008C62CA /* Debug */,
				84A091ED17C353F8008C62CA /* Release */,
			);
			defaultConfigurationIsVisible = 0;
			defaultConfigurationName = Release;
		};
/* End XCConfigurationList section */

/* Begin XCVersionGroup section */
		84A0922317C67258008C62CA /* ElectorModel.xcdatamodeld */ = {
			isa = XCVersionGroup;
			children = (
				84A0922417C67259008C62CA /* ElectorModel.xcdatamodel */,
			);
			currentVersion = 84A0922417C67259008C62CA /* ElectorModel.xcdatamodel */;
			path = ElectorModel.xcdatamodeld;
			sourceTree = "<group>";
			versionGroupType = wrapper.xcdatamodel;
		};
/* End XCVersionGroup section */
	};
	rootObject = 84A091BD17C353F8008C62CA /* Project object */;
}
